
Microsoft Visual Studio Solution File, Format Version 12.00
# Visual Studio Version 17
VisualStudioVersion = 17.5.33627.172
MinimumVisualStudioVersion = 10.0.40219.1
Project("{FAE04EC0-301F-11D3-BF4B-00C04F79EFBC}") = "RazorPagesMovie", "RazorPagesMovie.csproj", "{5C719EA2-6DD2-4265-8B7B-3A9C081E3401}"
EndProject
Global
	GlobalSection(SolutionConfigurationPlatforms) = preSolution
		Debug|Any CPU = Debug|Any CPU
		Release|Any CPU = Release|Any CPU
	EndGlobalSection
	GlobalSection(ProjectConfigurationPlatforms) = postSolution
		{5C719EA2-6DD2-4265-8B7B-3A9C081E3401}.Debug|Any CPU.ActiveCfg = Debug|Any CPU
		{5C719EA2-6DD2-4265-8B7B-3A9C081E3401}.Debug|Any CPU.Build.0 = Debug|Any CPU
		{5C719EA2-6DD2-4265-8B7B-3A9C081E3401}.Release|Any CPU.ActiveCfg = Release|Any CPU
		{5C719EA2-6DD2-4265-8B7B-3A9C081E3401}.Release|Any CPU.Build.0 = Release|Any CPU
	EndGlobalSection
	GlobalSection(SolutionProperties) = preSolution
		HideSolutionNode = FALSE
	EndGlobalSection
	GlobalSection(ExtensibilityGlobals) = postSolution
		SolutionGuid = {7EF8C53E-65D7-44C6-AEE4-70C14A702747}
	EndGlobalSection
EndGlobal
